<?xml version="1.0" encoding="utf-8"?>
<Project ToolsVersion="4.0" xmlns="http://schemas.microsoft.com/developer/msbuild/2003">
  <ItemGroup>
    <ClCompile Include="Source\Graphics\DirectX12\Command.cpp" />
    <ClCompile Include="Source\Graphics\DirectX12\Descriptor.cpp" />
    <ClCompile Include="Source\Graphics\DirectX12\Device.cpp" />
    <ClCompile Include="Source\Graphics\DirectX12\Fence.cpp" />
    <ClCompile Include="Source\Graphics\DirectX12\Pipeline.cpp" />
    <ClCompile Include="Source\Graphics\DirectX12\Queue.cpp" />
    <ClCompile Include="Source\Graphics\DirectX12\Resource.cpp" />
    <ClCompile Include="Source\Graphics\DirectX12\Renderer.cpp" />
    <ClCompile Include="Source\Graphics\DirectX12\Shader.cpp" />
    <ClCompile Include="Source\Graphics\DirectX12\SwapChain.cpp" />
    <ClCompile Include="Source\Main.cpp" />
    <ClCompile Include="Source\Core\Logging\Assert.cpp" />
    <ClCompile Include="Source\Core\Logging\Logger.cpp" />
    <ClCompile Include="Source\Core\Math\Random.cpp" />
    <ClCompile Include="Source\Core\Math\SimpleMath.cpp" />
    <ClCompile Include="Source\Core\Math\Transform.cpp" />
    <ClCompile Include="Source\Core\Memory\FreeListAllocator.cpp" />
    <ClCompile Include="Source\Core\Memory\LinearAllocator.cpp" />
    <ClCompile Include="Source\Core\Memory\MemoryApi.cpp" />
    <ClCompile Include="Source\Core\Memory\MemoryManager.cpp" />
    <ClCompile Include="Source\Core\Memory\MemoryTracker.cpp" />
    <ClCompile Include="Source\Core\Memory\PoolAllocator.cpp" />
    <ClCompile Include="Source\Core\Memory\StackAllocator.cpp" />
    <ClCompile Include="Source\Core\Threading\JobSystem.cpp" />
    <ClCompile Include="Source\Core\Threading\ThreadUtility.cpp" />
    <ClCompile Include="Source\Pch.cpp" />
    <ClCompile Include="Source\Core\System\HighResolutionTimer.cpp" />
    <ClCompile Include="Source\Core\System\TimeManager.cpp" />
    <ClCompile Include="Source\Core\System\TimeSystemTest.cpp" />
    <ClCompile Include="Source\Core\System\Window.cpp" />
    <ClCompile Include="Source\Core\Containers\String.cpp" />
    <ClCompile Include="Source\Core\Input\InputManager.cpp" />
  </ItemGroup>
  <ItemGroup>
    <ClInclude Include="Source\Pch.h" />
    <ClInclude Include="Source\Core\Core.h" />
    <ClInclude Include="Source\Core\CoreDefines.h" />
    <ClInclude Include="Source\Core\Containers\Containers.h" />
    <ClInclude Include="Source\Core\Containers\RingBuffer.h" />
    <ClInclude Include="Source\Core\Logging\Assert.h" />
    <ClInclude Include="Source\Core\Logging\Logger.h" />
    <ClInclude Include="Source\Core\Logging\Logging.h" />
    <ClInclude Include="Source\Core\Math\Easing.h" />
    <ClInclude Include="Source\Core\Math\Geometry.h" />
    <ClInclude Include="Source\Core\Math\Math.h" />
    <ClInclude Include="Source\Core\Math\MathFunction.h" />
    <ClInclude Include="Source\Core\Math\MathTypes.h" />
    <ClInclude Include="Source\Core\Math\Random.h" />
    <ClInclude Include="Source\Core\Math\SimpleMath.h" />
    <ClInclude Include="Source\Core\Math\Transform.h" />
    <ClInclude Include="Source\Core\Memory\FreeListAllocator.h" />
    <ClInclude Include="Source\Core\Memory\IAllocator.h" />
    <ClInclude Include="Source\Core\Memory\LinearAllocator.h" />
    <ClInclude Include="Source\Core\Memory\Memory.h" />
    <ClInclude Include="Source\Core\Memory\MemoryApi.h" />
    <ClInclude Include="Source\Core\Memory\MemoryManager.h" />
    <ClInclude Include="Source\Core\Memory\MemoryTracker.h" />
    <ClInclude Include="Source\Core\Memory\MemoryTypes.h" />
    <ClInclude Include="Source\Core\Memory\MemoryUtility.h" />
    <ClInclude Include="Source\Core\Memory\PoolAllocator.h" />
    <ClInclude Include="Source\Core\Memory\StackAllocator.h" />
    <ClInclude Include="Source\Core\Memory\StlAllocator.h" />
    <ClInclude Include="Source\Core\Threading\ConcurrentQueue.h" />
    <ClInclude Include="Source\Core\Threading\JobSystem.h" />
    <ClInclude Include="Source\Core\Threading\SpinLock.h" />
    <ClInclude Include="Source\Core\Threading\Threading.h" />
    <ClInclude Include="Source\Core\Threading\ThreadUtility.h" />
    <ClInclude Include="Source\Core\System\HighResolutionTimer.h" />
    <ClInclude Include="Source\Core\System\TimeManager.h" />
    <ClInclude Include="Source\Core\System\TimeSystemTest.h" />
    <ClInclude Include="Source\Core\System\Window.h" />
    <ClInclude Include="Source\Core\Containers\String.h" />
    <ClInclude Include="Source\Core\Containers\Hash.h" />
    <ClInclude Include="Source\Graphics\DirectX12\Device.h" />
    <ClInclude Include="Source\Graphics\DirectX12\SwapChain.h" />
    <ClInclude Include="Source\Graphics\DirectX12\Descriptor.h" />
    <ClInclude Include="Source\Graphics\DirectX12\Fence.h" />
    <ClInclude Include="Source\Graphics\DirectX12\Queue.h" />
    <ClInclude Include="Source\Graphics\DirectX12\Command.h" />
    <ClInclude Include="Source\Graphics\DirectX12\Resource.h" />
    <ClInclude Include="Source\Graphics\DirectX12\Renderer.h" />
    <ClInclude Include="Source\Graphics\DirectX12\Pipeline.h" />
    <ClInclude Include="Source\Graphics\DirectX12\Shader.h" />
    <ClInclude Include="Source\Core\Input\InputManager.h" />
  </ItemGroup>
</Project>